PODS:
  - Alamofire (4.0.1)
  - AlamofireImage (3.1.0):
    - Alamofire (~> 4.0)
  - ChameleonFramework/Default (2.1.0)
  - ChameleonFramework/Swift (2.1.0):
    - ChameleonFramework/Default
  - Realm (2.0.2):
    - Realm/Headers (= 2.0.2)
  - Realm/Headers (2.0.2)
  - RealmSwift (2.0.2):
    - Realm (= 2.0.2)
  - SwiftyJSON (3.1.1)

DEPENDENCIES:
  - Alamofire
  - AlamofireImage
  - ChameleonFramework/Swift (from `https://github.com/ViccAlexander/Chameleon.git`)
  - RealmSwift
  - SwiftyJSON

EXTERNAL SOURCES:
  ChameleonFramework:
    :git: https://github.com/ViccAlexander/Chameleon.git

CHECKOUT OPTIONS:
  ChameleonFramework:
    :commit: dcf98f9bf3a632a7f40679b7da46f09681e48526
    :git: https://github.com/ViccAlexander/Chameleon.git

SPEC CHECKSUMS:
  Alamofire: 7682d43245de14874acd142ec137b144aa1dd335
  AlamofireImage: bb8c8351c51cb1633bb6be69b6dbbaff37ce65b7
  ChameleonFramework: d21a3cc247abfe5e37609a283a8238b03575cf64
  Realm: 0f5a194af0b7e6158b83db41b4ee1a00be7ddf1a
  RealmSwift: 0eb5070d851cba7c66e841ca756d83609dc78bc8
  SwiftyJSON: f0be2e604f83e8405a624e9f891898bf6ed4e019

PODFILE CHECKSUM: da2784824beb467dcc5f2314ec602d1533328baf

COCOAPODS: 1.1.1
